
Microsoft Visual Studio Solution File, Format Version 12.00
# Visual Studio Version 16
VisualStudioVersion = 16.0.30804.86
MinimumVisualStudioVersion = 10.0.40219.1
Project("{9A19103F-16F7-4668-BE54-9A1E7A4F7556}") = "printscreenfinder", "printscreenfinder\printscreenfinder.csproj", "{55C3299E-14BB-4008-AEDD-A900BFAC1E72}"
EndProject
Project("{FAE04EC0-301F-11D3-BF4B-00C04F79EFBC}") = "PRNTSC_Bot", "PRNTSC_Bot\PRNTSC_Bot.csproj", "{96F470C8-0755-4A0A-A525-76AA70D95AC6}"
EndProject
Global
	GlobalSection(SolutionConfigurationPlatforms) = preSolution
		Debug|Any CPU = Debug|Any CPU
		Release|Any CPU = Release|Any CPU
	EndGlobalSection
	GlobalSection(ProjectConfigurationPlatforms) = postSolution
		{55C3299E-14BB-4008-AEDD-A900BFAC1E72}.Debug|Any CPU.ActiveCfg = Debug|Any CPU
		{55C3299E-14BB-4008-AEDD-A900BFAC1E72}.Debug|Any CPU.Build.0 = Debug|Any CPU
		{55C3299E-14BB-4008-AEDD-A900BFAC1E72}.Release|Any CPU.ActiveCfg = Release|Any CPU
		{55C3299E-14BB-4008-AEDD-A900BFAC1E72}.Release|Any CPU.Build.0 = Release|Any CPU
		{96F470C8-0755-4A0A-A525-76AA70D95AC6}.Debug|Any CPU.ActiveCfg = Debug|Any CPU
		{96F470C8-0755-4A0A-A525-76AA70D95AC6}.Debug|Any CPU.Build.0 = Debug|Any CPU
		{96F470C8-0755-4A0A-A525-76AA70D95AC6}.Release|Any CPU.ActiveCfg = Release|Any CPU
		{96F470C8-0755-4A0A-A525-76AA70D95AC6}.Release|Any CPU.Build.0 = Release|Any CPU
	EndGlobalSection
	GlobalSection(SolutionProperties) = preSolution
		HideSolutionNode = FALSE
	EndGlobalSection
	GlobalSection(ExtensibilityGlobals) = postSolution
		SolutionGuid = {3882D20E-D2C3-4F16-A88E-D34392CAE92C}
	EndGlobalSection
EndGlobal
